
Microsoft Visual Studio Solution File, Format Version 12.00
# Visual Studio Version 16
VisualStudioVersion = 16.0.34729.46
MinimumVisualStudioVersion = 10.0.40219.1
Project("{FAE04EC0-301F-11D3-BF4B-00C04F79EFBC}") = "lession03_PTD", "lession03_PTD\lession03_PTD.csproj", "{C2898E1F-045D-403F-A73A-6984262F0168}"
EndProject
Global
	GlobalSection(SolutionConfigurationPlatforms) = preSolution
		Debug|Any CPU = Debug|Any CPU
		Release|Any CPU = Release|Any CPU
	EndGlobalSection
	GlobalSection(ProjectConfigurationPlatforms) = postSolution
		{C2898E1F-045D-403F-A73A-6984262F0168}.Debug|Any CPU.ActiveCfg = Debug|Any CPU
		{C2898E1F-045D-403F-A73A-6984262F0168}.Debug|Any CPU.Build.0 = Debug|Any CPU
		{C2898E1F-045D-403F-A73A-6984262F0168}.Release|Any CPU.ActiveCfg = Release|Any CPU
		{C2898E1F-045D-403F-A73A-6984262F0168}.Release|Any CPU.Build.0 = Release|Any CPU
	EndGlobalSection
	GlobalSection(SolutionProperties) = preSolution
		HideSolutionNode = FALSE
	EndGlobalSection
	GlobalSection(ExtensibilityGlobals) = postSolution
		SolutionGuid = {FE5D9E57-D7E7-4859-A65C-4F1884401A62}
	EndGlobalSection
EndGlobal
