
Microsoft Visual Studio Solution File, Format Version 12.00
# Visual Studio Version 16
VisualStudioVersion = 16.0.34729.46
MinimumVisualStudioVersion = 10.0.40219.1
Project("{FAE04EC0-301F-11D3-BF4B-00C04F79EFBC}") = "Ptd-lesson05", "Ptd-lesson05\Ptd-lesson05.csproj", "{81A55D2E-7DB9-49F9-BB23-11EA8A3B465F}"
EndProject
Global
	GlobalSection(SolutionConfigurationPlatforms) = preSolution
		Debug|Any CPU = Debug|Any CPU
		Release|Any CPU = Release|Any CPU
	EndGlobalSection
	GlobalSection(ProjectConfigurationPlatforms) = postSolution
		{81A55D2E-7DB9-49F9-BB23-11EA8A3B465F}.Debug|Any CPU.ActiveCfg = Debug|Any CPU
		{81A55D2E-7DB9-49F9-BB23-11EA8A3B465F}.Debug|Any CPU.Build.0 = Debug|Any CPU
		{81A55D2E-7DB9-49F9-BB23-11EA8A3B465F}.Release|Any CPU.ActiveCfg = Release|Any CPU
		{81A55D2E-7DB9-49F9-BB23-11EA8A3B465F}.Release|Any CPU.Build.0 = Release|Any CPU
	EndGlobalSection
	GlobalSection(SolutionProperties) = preSolution
		HideSolutionNode = FALSE
	EndGlobalSection
	GlobalSection(ExtensibilityGlobals) = postSolution
		SolutionGuid = {B34F307A-5CEA-423E-8344-A086BBA07D97}
	EndGlobalSection
EndGlobal
