
Microsoft Visual Studio Solution File, Format Version 12.00
# Visual Studio Version 17
VisualStudioVersion = 17.9.34728.123
MinimumVisualStudioVersion = 10.0.40219.1
Project("{FAE04EC0-301F-11D3-BF4B-00C04F79EFBC}") = "lab01", "lab01\lab01.csproj", "{050C5B0B-24FD-434A-8B62-E7CA00FC305D}"
EndProject
Global
	GlobalSection(SolutionConfigurationPlatforms) = preSolution
		Debug|Any CPU = Debug|Any CPU
		Release|Any CPU = Release|Any CPU
	EndGlobalSection
	GlobalSection(ProjectConfigurationPlatforms) = postSolution
		{050C5B0B-24FD-434A-8B62-E7CA00FC305D}.Debug|Any CPU.ActiveCfg = Debug|Any CPU
		{050C5B0B-24FD-434A-8B62-E7CA00FC305D}.Debug|Any CPU.Build.0 = Debug|Any CPU
		{050C5B0B-24FD-434A-8B62-E7CA00FC305D}.Release|Any CPU.ActiveCfg = Release|Any CPU
		{050C5B0B-24FD-434A-8B62-E7CA00FC305D}.Release|Any CPU.Build.0 = Release|Any CPU
	EndGlobalSection
	GlobalSection(SolutionProperties) = preSolution
		HideSolutionNode = FALSE
	EndGlobalSection
	GlobalSection(ExtensibilityGlobals) = postSolution
		SolutionGuid = {EAFC6D9C-FE01-4803-8156-780B3755FF5B}
	EndGlobalSection
EndGlobal
